
Microsoft Visual Studio Solution File, Format Version 12.00
# Visual Studio Version 16
VisualStudioVersion = 16.0.29709.97
MinimumVisualStudioVersion = 10.0.40219.1
Project("{9A19103F-16F7-4668-BE54-9A1E7A4F7556}") = "Core", "Core\Core.csproj", "{3639F70A-4C4F-473E-8FB7-EF94D216AF12}"
EndProject
Project("{FAE04EC0-301F-11D3-BF4B-00C04F79EFBC}") = "ConsoleWrapper", "ConsoleWrapper\ConsoleWrapper.csproj", "{C7BB327C-C9E4-44A1-8F4D-EF2A2DE0ED4D}"
EndProject
Global
	GlobalSection(SolutionConfigurationPlatforms) = preSolution
		Debug|Any CPU = Debug|Any CPU
		Release|Any CPU = Release|Any CPU
	EndGlobalSection
	GlobalSection(ProjectConfigurationPlatforms) = postSolution
		{3639F70A-4C4F-473E-8FB7-EF94D216AF12}.Debug|Any CPU.ActiveCfg = Debug|Any CPU
		{3639F70A-4C4F-473E-8FB7-EF94D216AF12}.Debug|Any CPU.Build.0 = Debug|Any CPU
		{3639F70A-4C4F-473E-8FB7-EF94D216AF12}.Release|Any CPU.ActiveCfg = Release|Any CPU
		{3639F70A-4C4F-473E-8FB7-EF94D216AF12}.Release|Any CPU.Build.0 = Release|Any CPU
		{C7BB327C-C9E4-44A1-8F4D-EF2A2DE0ED4D}.Debug|Any CPU.ActiveCfg = Debug|Any CPU
		{C7BB327C-C9E4-44A1-8F4D-EF2A2DE0ED4D}.Debug|Any CPU.Build.0 = Debug|Any CPU
		{C7BB327C-C9E4-44A1-8F4D-EF2A2DE0ED4D}.Release|Any CPU.ActiveCfg = Release|Any CPU
		{C7BB327C-C9E4-44A1-8F4D-EF2A2DE0ED4D}.Release|Any CPU.Build.0 = Release|Any CPU
	EndGlobalSection
	GlobalSection(SolutionProperties) = preSolution
		HideSolutionNode = FALSE
	EndGlobalSection
	GlobalSection(ExtensibilityGlobals) = postSolution
		SolutionGuid = {B93AF327-766A-4B11-A4DB-E3F9B126612D}
	EndGlobalSection
EndGlobal
